
Microsoft Visual Studio Solution File, Format Version 12.00
# Visual Studio Version 17
VisualStudioVersion = 17.8.34525.116
MinimumVisualStudioVersion = 10.0.40219.1
Project("{FAE04EC0-301F-11D3-BF4B-00C04F79EFBC}") = "PatternIterator", "PatternIterator.csproj", "{D62559FC-5F1F-45D3-83A0-28DA384506FD}"
EndProject
Global
	GlobalSection(SolutionConfigurationPlatforms) = preSolution
		Debug|Any CPU = Debug|Any CPU
		Release|Any CPU = Release|Any CPU
	EndGlobalSection
	GlobalSection(ProjectConfigurationPlatforms) = postSolution
		{D62559FC-5F1F-45D3-83A0-28DA384506FD}.Debug|Any CPU.ActiveCfg = Debug|Any CPU
		{D62559FC-5F1F-45D3-83A0-28DA384506FD}.Debug|Any CPU.Build.0 = Debug|Any CPU
		{D62559FC-5F1F-45D3-83A0-28DA384506FD}.Release|Any CPU.ActiveCfg = Release|Any CPU
		{D62559FC-5F1F-45D3-83A0-28DA384506FD}.Release|Any CPU.Build.0 = Release|Any CPU
	EndGlobalSection
	GlobalSection(SolutionProperties) = preSolution
		HideSolutionNode = FALSE
	EndGlobalSection
	GlobalSection(ExtensibilityGlobals) = postSolution
		SolutionGuid = {D127E086-D795-4AAD-82AD-67B60FA9B617}
	EndGlobalSection
EndGlobal
